
Microsoft Visual Studio Solution File, Format Version 12.00
# Visual Studio Version 16
VisualStudioVersion = 16.0.33529.622
MinimumVisualStudioVersion = 10.0.40219.1
Project("{FAE04EC0-301F-11D3-BF4B-00C04F79EFBC}") = "hastaneoto", "hastaneoto\hastaneoto.csproj", "{0EAEC006-9479-4E02-B16C-C9A4C0E8E6A5}"
EndProject
Global
	GlobalSection(SolutionConfigurationPlatforms) = preSolution
		Debug|Any CPU = Debug|Any CPU
		Release|Any CPU = Release|Any CPU
	EndGlobalSection
	GlobalSection(ProjectConfigurationPlatforms) = postSolution
		{0EAEC006-9479-4E02-B16C-C9A4C0E8E6A5}.Debug|Any CPU.ActiveCfg = Debug|Any CPU
		{0EAEC006-9479-4E02-B16C-C9A4C0E8E6A5}.Debug|Any CPU.Build.0 = Debug|Any CPU
		{0EAEC006-9479-4E02-B16C-C9A4C0E8E6A5}.Release|Any CPU.ActiveCfg = Release|Any CPU
		{0EAEC006-9479-4E02-B16C-C9A4C0E8E6A5}.Release|Any CPU.Build.0 = Release|Any CPU
	EndGlobalSection
	GlobalSection(SolutionProperties) = preSolution
		HideSolutionNode = FALSE
	EndGlobalSection
	GlobalSection(ExtensibilityGlobals) = postSolution
		SolutionGuid = {059A0A81-C1B0-4CA5-B577-4DACA1EA1C1E}
	EndGlobalSection
EndGlobal
